
Microsoft Visual Studio Solution File, Format Version 12.00
# Visual Studio Version 16
VisualStudioVersion = 16.0.30907.101
MinimumVisualStudioVersion = 10.0.40219.1
Project("{FAE04EC0-301F-11D3-BF4B-00C04F79EFBC}") = "BackEnd", "BackEnd.csproj", "{AE4EA766-B7D1-423D-9EDB-4C57C1B2967F}"
EndProject
Global
	GlobalSection(SolutionConfigurationPlatforms) = preSolution
		Debug|Any CPU = Debug|Any CPU
		Release|Any CPU = Release|Any CPU
	EndGlobalSection
	GlobalSection(ProjectConfigurationPlatforms) = postSolution
		{AE4EA766-B7D1-423D-9EDB-4C57C1B2967F}.Debug|Any CPU.ActiveCfg = Debug|Any CPU
		{AE4EA766-B7D1-423D-9EDB-4C57C1B2967F}.Debug|Any CPU.Build.0 = Debug|Any CPU
		{AE4EA766-B7D1-423D-9EDB-4C57C1B2967F}.Release|Any CPU.ActiveCfg = Release|Any CPU
		{AE4EA766-B7D1-423D-9EDB-4C57C1B2967F}.Release|Any CPU.Build.0 = Release|Any CPU
	EndGlobalSection
	GlobalSection(SolutionProperties) = preSolution
		HideSolutionNode = FALSE
	EndGlobalSection
	GlobalSection(ExtensibilityGlobals) = postSolution
		SolutionGuid = {9FCC8158-EDBB-464B-8A3B-EC07A7ED93D1}
	EndGlobalSection
EndGlobal
